
Microsoft Visual Studio Solution File, Format Version 12.00
# Visual Studio Version 16
VisualStudioVersion = 16.0.31729.503
MinimumVisualStudioVersion = 10.0.40219.1
Project("{9A19103F-16F7-4668-BE54-9A1E7A4F7556}") = "Homework11", "Homework10\Homework11.csproj", "{2DE5992E-2F76-49CD-99E1-B86D7EDDED76}"
EndProject
Project("{FAE04EC0-301F-11D3-BF4B-00C04F79EFBC}") = "ClassLibrary", "ClassLibrary\ClassLibrary.csproj", "{4FA301D5-FEE8-4D2A-901C-439BC9FE039F}"
EndProject
Global
	GlobalSection(SolutionConfigurationPlatforms) = preSolution
		Debug|Any CPU = Debug|Any CPU
		Release|Any CPU = Release|Any CPU
	EndGlobalSection
	GlobalSection(ProjectConfigurationPlatforms) = postSolution
		{2DE5992E-2F76-49CD-99E1-B86D7EDDED76}.Debug|Any CPU.ActiveCfg = Debug|Any CPU
		{2DE5992E-2F76-49CD-99E1-B86D7EDDED76}.Debug|Any CPU.Build.0 = Debug|Any CPU
		{2DE5992E-2F76-49CD-99E1-B86D7EDDED76}.Release|Any CPU.ActiveCfg = Release|Any CPU
		{2DE5992E-2F76-49CD-99E1-B86D7EDDED76}.Release|Any CPU.Build.0 = Release|Any CPU
		{4FA301D5-FEE8-4D2A-901C-439BC9FE039F}.Debug|Any CPU.ActiveCfg = Debug|Any CPU
		{4FA301D5-FEE8-4D2A-901C-439BC9FE039F}.Debug|Any CPU.Build.0 = Debug|Any CPU
		{4FA301D5-FEE8-4D2A-901C-439BC9FE039F}.Release|Any CPU.ActiveCfg = Release|Any CPU
		{4FA301D5-FEE8-4D2A-901C-439BC9FE039F}.Release|Any CPU.Build.0 = Release|Any CPU
	EndGlobalSection
	GlobalSection(SolutionProperties) = preSolution
		HideSolutionNode = FALSE
	EndGlobalSection
	GlobalSection(ExtensibilityGlobals) = postSolution
		SolutionGuid = {0EB2803C-42C2-4347-8DCF-9260517279FF}
	EndGlobalSection
EndGlobal
